
Microsoft Visual Studio Solution File, Format Version 12.00
# Visual Studio Version 16
VisualStudioVersion = 16.0.31702.278
MinimumVisualStudioVersion = 10.0.40219.1
Project("{FAE04EC0-301F-11D3-BF4B-00C04F79EFBC}") = "Login-Forms", "Login-Forms\Login-Forms.csproj", "{EC78E26A-F266-464E-8406-0BED829B1B5E}"
EndProject
Global
	GlobalSection(SolutionConfigurationPlatforms) = preSolution
		Debug|Any CPU = Debug|Any CPU
		Release|Any CPU = Release|Any CPU
	EndGlobalSection
	GlobalSection(ProjectConfigurationPlatforms) = postSolution
		{EC78E26A-F266-464E-8406-0BED829B1B5E}.Debug|Any CPU.ActiveCfg = Debug|Any CPU
		{EC78E26A-F266-464E-8406-0BED829B1B5E}.Debug|Any CPU.Build.0 = Debug|Any CPU
		{EC78E26A-F266-464E-8406-0BED829B1B5E}.Release|Any CPU.ActiveCfg = Release|Any CPU
		{EC78E26A-F266-464E-8406-0BED829B1B5E}.Release|Any CPU.Build.0 = Release|Any CPU
	EndGlobalSection
	GlobalSection(SolutionProperties) = preSolution
		HideSolutionNode = FALSE
	EndGlobalSection
	GlobalSection(ExtensibilityGlobals) = postSolution
		SolutionGuid = {A8E7310B-98BB-4E40-9F58-1B2F31F9AF4C}
	EndGlobalSection
EndGlobal
